// !$*UTF8*$!
{
	archiveVersion = 1;
	classes = {
	};
	objectVersion = 48;
	objects = {

/* Begin PBXBuildFile section */
		6795611D1FE554CB007265B3 /* AppDelegate.swift in Sources */ = {isa = PBXBuildFile; fileRef = 6795611C1FE554CB007265B3 /* AppDelegate.swift */; };
		6795611F1FE554CB007265B3 /* ViewController.swift in Sources */ = {isa = PBXBuildFile; fileRef = 6795611E1FE554CB007265B3 /* ViewController.swift */; };
		679561221FE554CB007265B3 /* Main.storyboard in Resources */ = {isa = PBXBuildFile; fileRef = 679561201FE554CB007265B3 /* Main.storyboard */; };
		679561251FE554CB007265B3 /* Remember_Password_App.xcdatamodeld in Sources */ = {isa = PBXBuildFile; fileRef = 679561231FE554CB007265B3 /* Remember_Password_App.xcdatamodeld */; };
		679561271FE554CB007265B3 /* Assets.xcassets in Resources */ = {isa = PBXBuildFile; fileRef = 679561261FE554CB007265B3 /* Assets.xcassets */; };
		6795612A1FE554CB007265B3 /* LaunchScreen.storyboard in Resources */ = {isa = PBXBuildFile; fileRef = 679561281FE554CB007265B3 /* LaunchScreen.storyboard */; };
		679561321FE55561007265B3 /* AddPassword.swift in Sources */ = {isa = PBXBuildFile; fileRef = 679561311FE55561007265B3 /* AddPassword.swift */; };
/* End PBXBuildFile section */

/* Begin PBXFileReference section */
		679561191FE554CB007265B3 /* Remember Password App.app */ = {isa = PBXFileReference; explicitFileType = wrapper.application; includeInIndex = 0; path = "Remember Password App.app"; sourceTree = BUILT_PRODUCTS_DIR; };
		6795611C1FE554CB007265B3 /* AppDelegate.swift */ = {isa = PBXFileReference; lastKnownFileType = sourcecode.swift; path = AppDelegate.swift; sourceTree = "<group>"; };
		6795611E1FE554CB007265B3 /* ViewController.swift */ = {isa = PBXFileReference; lastKnownFileType = sourcecode.swift; path = ViewController.swift; sourceTree = "<group>"; };
		679561211FE554CB007265B3 /* Base */ = {isa = PBXFileReference; lastKnownFileType = file.storyboard; name = Base; path = Base.lproj/Main.storyboard; sourceTree = "<group>"; };
		679561241FE554CB007265B3 /* Remember_Password_App.xcdatamodel */ = {isa = PBXFileReference; lastKnownFileType = wrapper.xcdatamodel; path = Remember_Password_App.xcdatamodel; sourceTree = "<group>"; };
		679561261FE554CB007265B3 /* Assets.xcassets */ = {isa = PBXFileReference; lastKnownFileType = folder.assetcatalog; path = Assets.xcassets; sourceTree = "<group>"; };
		679561291FE554CB007265B3 /* Base */ = {isa = PBXFileReference; lastKnownFileType = file.storyboard; name = Base; path = Base.lproj/LaunchScreen.storyboard; sourceTree = "<group>"; };
		6795612B1FE554CB007265B3 /* Info.plist */ = {isa = PBXFileReference; lastKnownFileType = text.plist.xml; path = Info.plist; sourceTree = "<group>"; };
		679561311FE55561007265B3 /* AddPassword.swift */ = {isa = PBXFileReference; lastKnownFileType = sourcecode.swift; path = AddPassword.swift; sourceTree = "<group>"; };
/* End PBXFileReference section */

/* Begin PBXFrameworksBuildPhase section */
		679561161FE554CB007265B3 /* Frameworks */ = {
			isa = PBXFrameworksBuildPhase;
			buildActionMask = 2147483647;
			files = (
			);
			runOnlyForDeploymentPostprocessing = 0;
		};
/* End PBXFrameworksBuildPhase section */

/* Begin PBXGroup section */
		679561101FE554CB007265B3 = {
			isa = PBXGroup;
			children = (
				6795611B1FE554CB007265B3 /* Remember Password App */,
				6795611A1FE554CB007265B3 /* Products */,
			);
			sourceTree = "<group>";
		};
		6795611A1FE554CB007265B3 /* Products */ = {
			isa = PBXGroup;
			children = (
				679561191FE554CB007265B3 /* Remember Password App.app */,
			);
			name = Products;
			sourceTree = "<group>";
		};
		6795611B1FE554CB007265B3 /* Remember Password App */ = {
			isa = PBXGroup;
			children = (
				6795611C1FE554CB007265B3 /* AppDelegate.swift */,
				6795611E1FE554CB007265B3 /* ViewController.swift */,
				679561311FE55561007265B3 /* AddPassword.swift */,
				679561201FE554CB007265B3 /* Main.storyboard */,
				679561261FE554CB007265B3 /* Assets.xcassets */,
				679561281FE554CB007265B3 /* LaunchScreen.storyboard */,
				6795612B1FE554CB007265B3 /* Info.plist */,
				679561231FE554CB007265B3 /* Remember_Password_App.xcdatamodeld */,
			);
			path = "Remember Password App";
			sourceTree = "<group>";
		};
/* End PBXGroup section */

/* Begin PBXNativeTarget section */
		679561181FE554CB007265B3 /* Remember Password App */ = {
			isa = PBXNativeTarget;
			buildConfigurationList = 6795612E1FE554CB007265B3 /* Build configuration list for PBXNativeTarget "Remember Password App" */;
			buildPhases = (
				679561151FE554CB007265B3 /* Sources */,
				679561161FE554CB007265B3 /* Frameworks */,
				679561171FE554CB007265B3 /* Resources */,
			);
			buildRules = (
			);
			dependencies = (
			);
			name = "Remember Password App";
			productName = "Remember Password App";
			productReference = 679561191FE554CB007265B3 /* Remember Password App.app */;
			productType = "com.apple.product-type.application";
		};
/* End PBXNativeTarget section */

/* Begin PBXProject section */
		679561111FE554CB007265B3 /* Project object */ = {
			isa = PBXProject;
			attributes = {
				LastSwiftUpdateCheck = 0900;
				LastUpgradeCheck = 0900;
				ORGANIZATIONNAME = "Burak Yıldırım";
				TargetAttributes = {
					679561181FE554CB007265B3 = {
						CreatedOnToolsVersion = 9.0.1;
						ProvisioningStyle = Automatic;
					};
				};
			};
			buildConfigurationList = 679561141FE554CB007265B3 /* Build configuration list for PBXProject "Remember Password App" */;
			compatibilityVersion = "Xcode 8.0";
			developmentRegion = en;
			hasScannedForEncodings = 0;
			knownRegions = (
				en,
				Base,
			);
			mainGroup = 679561101FE554CB007265B3;
			productRefGroup = 6795611A1FE554CB007265B3 /* Products */;
			projectDirPath = "";
			projectRoot = "";
			targets = (
				679561181FE554CB007265B3 /* Remember Password App */,
			);
		};
/* End PBXProject section */

/* Begin PBXResourcesBuildPhase section */
		679561171FE554CB007265B3 /* Resources */ = {
			isa = PBXResourcesBuildPhase;
			buildActionMask = 2147483647;
			files = (
				6795612A1FE554CB007265B3 /* LaunchScreen.storyboard in Resources */,
				679561271FE554CB007265B3 /* Assets.xcassets in Resources */,
				679561221FE554CB007265B3 /* Main.storyboard in Resources */,
			);
			runOnlyForDeploymentPostprocessing = 0;
		};
/* End PBXResourcesBuildPhase section */

/* Begin PBXSourcesBuildPhase section */
		679561151FE554CB007265B3 /* Sources */ = {
			isa = PBXSourcesBuildPhase;
			buildActionMask = 2147483647;
			files = (
				679561321FE55561007265B3 /* AddPassword.swift in Sources */,
				679561251FE554CB007265B3 /* Remember_Password_App.xcdatamodeld in Sources */,
				6795611F1FE554CB007265B3 /* ViewController.swift in Sources */,
				6795611D1FE554CB007265B3 /* AppDelegate.swift in Sources */,
			);
			runOnlyForDeploymentPostprocessing = 0;
		};
/* End PBXSourcesBuildPhase section */

/* Begin PBXVariantGroup section */
		679561201FE554CB007265B3 /* Main.storyboard */ = {
			isa = PBXVariantGroup;
			children = (
				679561211FE554CB007265B3 /* Base */,
			);
			name = Main.storyboard;
			sourceTree = "<group>";
		};
		679561281FE554CB007265B3 /* LaunchScreen.storyboard */ = {
			isa = PBXVariantGroup;
			children = (
				679561291FE554CB007265B3 /* Base */,
			);
			name = LaunchScreen.storyboard;
			sourceTree = "<group>";
		};
/* End PBXVariantGroup section */

/* Begin XCBuildConfiguration section */
		6795612C1FE554CB007265B3 /* Debug */ = {
			isa = XCBuildConfiguration;
			buildSettings = {
				ALWAYS_SEARCH_USER_PATHS = NO;
				CLANG_ANALYZER_NONNULL = YES;
				CLANG_ANALYZER_NUMBER_OBJECT_CONVERSION = YES_AGGRESSIVE;
				CLANG_CXX_LANGUAGE_STANDARD = "gnu++14";
				CLANG_CXX_LIBRARY = "libc++";
				CLANG_ENABLE_MODULES = YES;
				CLANG_ENABLE_OBJC_ARC = YES;
				CLANG_WARN_BLOCK_CAPTURE_AUTORELEASING = YES;
				CLANG_WARN_BOOL_CONVERSION = YES;
				CLANG_WARN_COMMA = YES;
				CLANG_WARN_CONSTANT_CONVERSION = YES;
				CLANG_WARN_DIRECT_OBJC_ISA_USAGE = YES_ERROR;
				CLANG_WARN_DOCUMENTATION_COMMENTS = YES;
				CLANG_WARN_EMPTY_BODY = YES;
				CLANG_WARN_ENUM_CONVERSION = YES;
				CLANG_WARN_INFINITE_RECURSION = YES;
				CLANG_WARN_INT_CONVERSION = YES;
				CLANG_WARN_NON_LITERAL_NULL_CONVERSION = YES;
				CLANG_WARN_OBJC_LITERAL_CONVERSION = YES;
				CLANG_WARN_OBJC_ROOT_CLASS = YES_ERROR;
				CLANG_WARN_RANGE_LOOP_ANALYSIS = YES;
				CLANG_WARN_STRICT_PROTOTYPES = YES;
				CLANG_WARN_SUSPICIOUS_MOVE = YES;
				CLANG_WARN_UNGUARDED_AVAILABILITY = YES_AGGRESSIVE;
				CLANG_WARN_UNREACHABLE_CODE = YES;
				CLANG_WARN__DUPLICATE_METHOD_MATCH = YES;
				CODE_SIGN_IDENTITY = "iPhone Developer";
				COPY_PHASE_STRIP = NO;
				DEBUG_INFORMATION_FORMAT = dwarf;
				ENABLE_STRICT_OBJC_MSGSEND = YES;
				ENABLE_TESTABILITY = YES;
				GCC_C_LANGUAGE_STANDARD = gnu11;
				GCC_DYNAMIC_NO_PIC = NO;
				GCC_NO_COMMON_BLOCKS = YES;
				GCC_OPTIMIZATION_LEVEL = 0;
				GCC_PREPROCESSOR_DEFINITIONS = (
					"DEBUG=1",
					"$(inherited)",
				);
				GCC_WARN_64_TO_32_BIT_CONVERSION = YES;
				GCC_WARN_ABOUT_RETURN_TYPE = YES_ERROR;
				GCC_WARN_UNDECLARED_SELECTOR = YES;
				GCC_WARN_UNINITIALIZED_AUTOS = YES_AGGRESSIVE;
				GCC_WARN_UNUSED_FUNCTION = YES;
				GCC_WARN_UNUSED_VARIABLE = YES;
				IPHONEOS_DEPLOYMENT_TARGET = 11.0;
				MTL_ENABLE_DEBUG_INFO = YES;
				ONLY_ACTIVE_ARCH = YES;
				SDKROOT = iphoneos;
				SWIFT_ACTIVE_COMPILATION_CONDITIONS = DEBUG;
				SWIFT_OPTIMIZATION_LEVEL = "-Onone";
			};
			name = Debug;
		};
		6795612D1FE554CB007265B3 /* Release */ = {
			isa = XCBuildConfiguration;
			buildSettings = {
				ALWAYS_SEARCH_USER_PATHS = NO;
				CLANG_ANALYZER_NONNULL = YES;
				CLANG_ANALYZER_NUMBER_OBJECT_CONVERSION = YES_AGGRESSIVE;
				CLANG_CXX_LANGUAGE_STANDARD = "gnu++14";
				CLANG_CXX_LIBRARY = "libc++";
				CLANG_ENABLE_MODULES = YES;
				CLANG_ENABLE_OBJC_ARC = YES;
				CLANG_WARN_BLOCK_CAPTURE_AUTORELEASING = YES;
				CLANG_WARN_BOOL_CONVERSION = YES;
				CLANG_WARN_COMMA = YES;
				CLANG_WARN_CONSTANT_CONVERSION = YES;
				CLANG_WARN_DIRECT_OBJC_ISA_USAGE = YES_ERROR;
				CLANG_WARN_DOCUMENTATION_COMMENTS = YES;
				CLANG_WARN_EMPTY_BODY = YES;
				CLANG_WARN_ENUM_CONVERSION = YES;
				CLANG_WARN_INFINITE_RECURSION = YES;
				CLANG_WARN_INT_CONVERSION = YES;
				CLANG_WARN_NON_LITERAL_NULL_CONVERSION = YES;
				CLANG_WARN_OBJC_LITERAL_CONVERSION = YES;
				CLANG_WARN_OBJC_ROOT_CLASS = YES_ERROR;
				CLANG_WARN_RANGE_LOOP_ANALYSIS = YES;
				CLANG_WARN_STRICT_PROTOTYPES = YES;
				CLANG_WARN_SUSPICIOUS_MOVE = YES;
				CLANG_WARN_UNGUARDED_AVAILABILITY = YES_AGGRESSIVE;
				CLANG_WARN_UNREACHABLE_CODE = YES;
				CLANG_WARN__DUPLICATE_METHOD_MATCH = YES;
				CODE_SIGN_IDENTITY = "iPhone Developer";
				COPY_PHASE_STRIP = NO;
				DEBUG_INFORMATION_FORMAT = "dwarf-with-dsym";
				ENABLE_NS_ASSERTIONS = NO;
				ENABLE_STRICT_OBJC_MSGSEND = YES;
				GCC_C_LANGUAGE_STANDARD = gnu11;
				GCC_NO_COMMON_BLOCKS = YES;
				GCC_WARN_64_TO_32_BIT_CONVERSION = YES;
				GCC_WARN_ABOUT_RETURN_TYPE = YES_ERROR;
				GCC_WARN_UNDECLARED_SELECTOR = YES;
				GCC_WARN_UNINITIALIZED_AUTOS = YES_AGGRESSIVE;
				GCC_WARN_UNUSED_FUNCTION = YES;
				GCC_WARN_UNUSED_VARIABLE = YES;
				IPHONEOS_DEPLOYMENT_TARGET = 11.0;
				MTL_ENABLE_DEBUG_INFO = NO;
				SDKROOT = iphoneos;
				SWIFT_OPTIMIZATION_LEVEL = "-Owholemodule";
				VALIDATE_PRODUCT = YES;
			};
			name = Release;
		};
		6795612F1FE554CB007265B3 /* Debug */ = {
			isa = XCBuildConfiguration;
			buildSettings = {
				ASSETCATALOG_COMPILER_APPICON_NAME = AppIcon;
				CODE_SIGN_STYLE = Automatic;
				DEVELOPMENT_TEAM = V5A8395KT3;
				INFOPLIST_FILE = "Remember Password App/Info.plist";
				LD_RUNPATH_SEARCH_PATHS = "$(inherited) @executable_path/Frameworks";
				PRODUCT_BUNDLE_IDENTIFIER = "com.burakyildirim.Remember-Password-App";
				PRODUCT_NAME = "$(TARGET_NAME)";
				SWIFT_VERSION = 4.0;
				TARGETED_DEVICE_FAMILY = "1,2";
			};
			name = Debug;
		};
		679561301FE554CB007265B3 /* Release */ = {
			isa = XCBuildConfiguration;
			buildSettings = {
				ASSETCATALOG_COMPILER_APPICON_NAME = AppIcon;
				CODE_SIGN_STYLE = Automatic;
				DEVELOPMENT_TEAM = V5A8395KT3;
				INFOPLIST_FILE = "Remember Password App/Info.plist";
				LD_RUNPATH_SEARCH_PATHS = "$(inherited) @executable_path/Frameworks";
				PRODUCT_BUNDLE_IDENTIFIER = "com.burakyildirim.Remember-Password-App";
				PRODUCT_NAME = "$(TARGET_NAME)";
				SWIFT_VERSION = 4.0;
				TARGETED_DEVICE_FAMILY = "1,2";
			};
			name = Release;
		};
/* End XCBuildConfiguration section */

/* Begin XCConfigurationList section */
		679561141FE554CB007265B3 /* Build configuration list for PBXProject "Remember Password App" */ = {
			isa = XCConfigurationList;
			buildConfigurations = (
				6795612C1FE554CB007265B3 /* Debug */,
				6795612D1FE554CB007265B3 /* Release */,
			);
			defaultConfigurationIsVisible = 0;
			defaultConfigurationName = Release;
		};
		6795612E1FE554CB007265B3 /* Build configuration list for PBXNativeTarget "Remember Password App" */ = {
			isa = XCConfigurationList;
			buildConfigurations = (
				6795612F1FE554CB007265B3 /* Debug */,
				679561301FE554CB007265B3 /* Release */,
			);
			defaultConfigurationIsVisible = 0;
			defaultConfigurationName = Release;
		};
/* End XCConfigurationList section */

/* Begin XCVersionGroup section */
		679561231FE554CB007265B3 /* Remember_Password_App.xcdatamodeld */ = {
			isa = XCVersionGroup;
			children = (
				679561241FE554CB007265B3 /* Remember_Password_App.xcdatamodel */,
			);
			currentVersion = 679561241FE554CB007265B3 /* Remember_Password_App.xcdatamodel */;
			path = Remember_Password_App.xcdatamodeld;
			sourceTree = "<group>";
			versionGroupType = wrapper.xcdatamodel;
		};
/* End XCVersionGroup section */
	};
	rootObject = 679561111FE554CB007265B3 /* Project object */;
}
